// !$*UTF8*$!
{
	archiveVersion = 1;
	classes = {
	};
	objectVersion = 46;
	objects = {

/* Begin PBXBuildFile section */
		AE75842D1D6989150005C1B1 /* ViewController.swift in Sources */ = {isa = PBXBuildFile; fileRef = AE75842C1D6989150005C1B1 /* ViewController.swift */; };
		AE7584301D6989150005C1B1 /* Main.storyboard in Resources */ = {isa = PBXBuildFile; fileRef = AE75842E1D6989150005C1B1 /* Main.storyboard */; };
		AE7584321D6989150005C1B1 /* Assets.xcassets in Resources */ = {isa = PBXBuildFile; fileRef = AE7584311D6989150005C1B1 /* Assets.xcassets */; };
		AE7584351D6989150005C1B1 /* LaunchScreen.storyboard in Resources */ = {isa = PBXBuildFile; fileRef = AE7584331D6989150005C1B1 /* LaunchScreen.storyboard */; };
		AE75843D1D69894B0005C1B1 /* AppDelegate.swift in Sources */ = {isa = PBXBuildFile; fileRef = AE75843C1D69894B0005C1B1 /* AppDelegate.swift */; };
		AE75843F1D6989510005C1B1 /* AxesDrawer.swift in Sources */ = {isa = PBXBuildFile; fileRef = AE75843E1D6989510005C1B1 /* AxesDrawer.swift */; };
		AE7584411D6989590005C1B1 /* CalculatorBrain.swift in Sources */ = {isa = PBXBuildFile; fileRef = AE7584401D6989590005C1B1 /* CalculatorBrain.swift */; };
		AE7584431D6989700005C1B1 /* CalculatorViewController.swift in Sources */ = {isa = PBXBuildFile; fileRef = AE7584421D6989700005C1B1 /* CalculatorViewController.swift */; };
		AE7584451D6989780005C1B1 /* GraphView.swift in Sources */ = {isa = PBXBuildFile; fileRef = AE7584441D6989780005C1B1 /* GraphView.swift */; };
		AE7584471D69897F0005C1B1 /* GraphViewController.swift in Sources */ = {isa = PBXBuildFile; fileRef = AE7584461D69897F0005C1B1 /* GraphViewController.swift */; };
/* End PBXBuildFile section */

/* Begin PBXFileReference section */
		AE7584271D6989150005C1B1 /* Graphic Calculator.app */ = {isa = PBXFileReference; explicitFileType = wrapper.application; includeInIndex = 0; path = "Graphic Calculator.app"; sourceTree = BUILT_PRODUCTS_DIR; };
		AE75842C1D6989150005C1B1 /* ViewController.swift */ = {isa = PBXFileReference; lastKnownFileType = sourcecode.swift; path = ViewController.swift; sourceTree = "<group>"; };
		AE75842F1D6989150005C1B1 /* Base */ = {isa = PBXFileReference; lastKnownFileType = file.storyboard; name = Base; path = Base.lproj/Main.storyboard; sourceTree = "<group>"; };
		AE7584311D6989150005C1B1 /* Assets.xcassets */ = {isa = PBXFileReference; lastKnownFileType = folder.assetcatalog; path = Assets.xcassets; sourceTree = "<group>"; };
		AE7584341D6989150005C1B1 /* Base */ = {isa = PBXFileReference; lastKnownFileType = file.storyboard; name = Base; path = Base.lproj/LaunchScreen.storyboard; sourceTree = "<group>"; };
		AE7584361D6989150005C1B1 /* Info.plist */ = {isa = PBXFileReference; lastKnownFileType = text.plist.xml; path = Info.plist; sourceTree = "<group>"; };
		AE75843C1D69894B0005C1B1 /* AppDelegate.swift */ = {isa = PBXFileReference; fileEncoding = 4; lastKnownFileType = sourcecode.swift; path = AppDelegate.swift; sourceTree = "<group>"; };
		AE75843E1D6989510005C1B1 /* AxesDrawer.swift */ = {isa = PBXFileReference; fileEncoding = 4; lastKnownFileType = sourcecode.swift; path = AxesDrawer.swift; sourceTree = "<group>"; };
		AE7584401D6989590005C1B1 /* CalculatorBrain.swift */ = {isa = PBXFileReference; fileEncoding = 4; lastKnownFileType = sourcecode.swift; path = CalculatorBrain.swift; sourceTree = "<group>"; };
		AE7584421D6989700005C1B1 /* CalculatorViewController.swift */ = {isa = PBXFileReference; fileEncoding = 4; lastKnownFileType = sourcecode.swift; path = CalculatorViewController.swift; sourceTree = "<group>"; };
		AE7584441D6989780005C1B1 /* GraphView.swift */ = {isa = PBXFileReference; fileEncoding = 4; lastKnownFileType = sourcecode.swift; path = GraphView.swift; sourceTree = "<group>"; };
		AE7584461D69897F0005C1B1 /* GraphViewController.swift */ = {isa = PBXFileReference; fileEncoding = 4; lastKnownFileType = sourcecode.swift; path = GraphViewController.swift; sourceTree = "<group>"; };
/* End PBXFileReference section */

/* Begin PBXFrameworksBuildPhase section */
		AE7584241D6989150005C1B1 /* Frameworks */ = {
			isa = PBXFrameworksBuildPhase;
			buildActionMask = 2147483647;
			files = (
			);
			runOnlyForDeploymentPostprocessing = 0;
		};
/* End PBXFrameworksBuildPhase section */

/* Begin PBXGroup section */
		AE75841E1D6989150005C1B1 = {
			isa = PBXGroup;
			children = (
				AE7584291D6989150005C1B1 /* Graphic Calculator */,
				AE7584281D6989150005C1B1 /* Products */,
			);
			sourceTree = "<group>";
		};
		AE7584281D6989150005C1B1 /* Products */ = {
			isa = PBXGroup;
			children = (
				AE7584271D6989150005C1B1 /* Graphic Calculator.app */,
			);
			name = Products;
			sourceTree = "<group>";
		};
		AE7584291D6989150005C1B1 /* Graphic Calculator */ = {
			isa = PBXGroup;
			children = (
				AE7584401D6989590005C1B1 /* CalculatorBrain.swift */,
				AE75843E1D6989510005C1B1 /* AxesDrawer.swift */,
				AE7584421D6989700005C1B1 /* CalculatorViewController.swift */,
				AE7584461D69897F0005C1B1 /* GraphViewController.swift */,
				AE7584441D6989780005C1B1 /* GraphView.swift */,
				AE75842C1D6989150005C1B1 /* ViewController.swift */,
				AE75842E1D6989150005C1B1 /* Main.storyboard */,
				AE7584481D698A660005C1B1 /* Supporting Files */,
			);
			path = "Graphic Calculator";
			sourceTree = "<group>";
		};
		AE7584481D698A660005C1B1 /* Supporting Files */ = {
			isa = PBXGroup;
			children = (
				AE75843C1D69894B0005C1B1 /* AppDelegate.swift */,
				AE7584311D6989150005C1B1 /* Assets.xcassets */,
				AE7584331D6989150005C1B1 /* LaunchScreen.storyboard */,
				AE7584361D6989150005C1B1 /* Info.plist */,
			);
			name = "Supporting Files";
			sourceTree = "<group>";
		};
/* End PBXGroup section */

/* Begin PBXNativeTarget section */
		AE7584261D6989150005C1B1 /* Graphic Calculator */ = {
			isa = PBXNativeTarget;
			buildConfigurationList = AE7584391D6989150005C1B1 /* Build configuration list for PBXNativeTarget "Graphic Calculator" */;
			buildPhases = (
				AE7584231D6989150005C1B1 /* Sources */,
				AE7584241D6989150005C1B1 /* Frameworks */,
				AE7584251D6989150005C1B1 /* Resources */,
			);
			buildRules = (
			);
			dependencies = (
			);
			name = "Graphic Calculator";
			productName = "Graphic Calculator";
			productReference = AE7584271D6989150005C1B1 /* Graphic Calculator.app */;
			productType = "com.apple.product-type.application";
		};
/* End PBXNativeTarget section */

/* Begin PBXProject section */
		AE75841F1D6989150005C1B1 /* Project object */ = {
			isa = PBXProject;
			attributes = {
				LastSwiftUpdateCheck = 0800;
				LastUpgradeCheck = 0800;
				ORGANIZATIONNAME = fred;
				TargetAttributes = {
					AE7584261D6989150005C1B1 = {
						CreatedOnToolsVersion = 8.0;
						DevelopmentTeam = 4435P4Z797;
						ProvisioningStyle = Automatic;
					};
				};
			};
			buildConfigurationList = AE7584221D6989150005C1B1 /* Build configuration list for PBXProject "Graphic Calculator" */;
			compatibilityVersion = "Xcode 3.2";
			developmentRegion = English;
			hasScannedForEncodings = 0;
			knownRegions = (
				en,
				Base,
			);
			mainGroup = AE75841E1D6989150005C1B1;
			productRefGroup = AE7584281D6989150005C1B1 /* Products */;
			projectDirPath = "";
			projectRoot = "";
			targets = (
				AE7584261D6989150005C1B1 /* Graphic Calculator */,
			);
		};
/* End PBXProject section */

/* Begin PBXResourcesBuildPhase section */
		AE7584251D6989150005C1B1 /* Resources */ = {
			isa = PBXResourcesBuildPhase;
			buildActionMask = 2147483647;
			files = (
				AE7584351D6989150005C1B1 /* LaunchScreen.storyboard in Resources */,
				AE7584321D6989150005C1B1 /* Assets.xcassets in Resources */,
				AE7584301D6989150005C1B1 /* Main.storyboard in Resources */,
			);
			runOnlyForDeploymentPostprocessing = 0;
		};
/* End PBXResourcesBuildPhase section */

/* Begin PBXSourcesBuildPhase section */
		AE7584231D6989150005C1B1 /* Sources */ = {
			isa = PBXSourcesBuildPhase;
			buildActionMask = 2147483647;
			files = (
				AE7584431D6989700005C1B1 /* CalculatorViewController.swift in Sources */,
				AE75843D1D69894B0005C1B1 /* AppDelegate.swift in Sources */,
				AE7584471D69897F0005C1B1 /* GraphViewController.swift in Sources */,
				AE75843F1D6989510005C1B1 /* AxesDrawer.swift in Sources */,
				AE75842D1D6989150005C1B1 /* ViewController.swift in Sources */,
				AE7584411D6989590005C1B1 /* CalculatorBrain.swift in Sources */,
				AE7584451D6989780005C1B1 /* GraphView.swift in Sources */,
			);
			runOnlyForDeploymentPostprocessing = 0;
		};
/* End PBXSourcesBuildPhase section */

/* Begin PBXVariantGroup section */
		AE75842E1D6989150005C1B1 /* Main.storyboard */ = {
			isa = PBXVariantGroup;
			children = (
				AE75842F1D6989150005C1B1 /* Base */,
			);
			name = Main.storyboard;
			sourceTree = "<group>";
		};
		AE7584331D6989150005C1B1 /* LaunchScreen.storyboard */ = {
			isa = PBXVariantGroup;
			children = (
				AE7584341D6989150005C1B1 /* Base */,
			);
			name = LaunchScreen.storyboard;
			sourceTree = "<group>";
		};
/* End PBXVariantGroup section */

/* Begin XCBuildConfiguration section */
		AE7584371D6989150005C1B1 /* Debug */ = {
			isa = XCBuildConfiguration;
			buildSettings = {
				ALWAYS_SEARCH_USER_PATHS = NO;
				CLANG_ANALYZER_NONNULL = YES;
				CLANG_CXX_LANGUAGE_STANDARD = "gnu++0x";
				CLANG_CXX_LIBRARY = "libc++";
				CLANG_ENABLE_MODULES = YES;
				CLANG_ENABLE_OBJC_ARC = YES;
				CLANG_WARN_BOOL_CONVERSION = YES;
				CLANG_WARN_CONSTANT_CONVERSION = YES;
				CLANG_WARN_DIRECT_OBJC_ISA_USAGE = YES_ERROR;
				CLANG_WARN_DOCUMENTATION_COMMENTS = YES;
				CLANG_WARN_EMPTY_BODY = YES;
				CLANG_WARN_ENUM_CONVERSION = YES;
				CLANG_WARN_INFINITE_RECURSION = YES;
				CLANG_WARN_INT_CONVERSION = YES;
				CLANG_WARN_OBJC_ROOT_CLASS = YES_ERROR;
				CLANG_WARN_SUSPICIOUS_MOVES = YES;
				CLANG_WARN_UNREACHABLE_CODE = YES;
				CLANG_WARN__DUPLICATE_METHOD_MATCH = YES;
				"CODE_SIGN_IDENTITY[sdk=iphoneos*]" = "iPhone Developer";
				COPY_PHASE_STRIP = NO;
				DEBUG_INFORMATION_FORMAT = dwarf;
				ENABLE_STRICT_OBJC_MSGSEND = YES;
				ENABLE_TESTABILITY = YES;
				GCC_C_LANGUAGE_STANDARD = gnu99;
				GCC_DYNAMIC_NO_PIC = NO;
				GCC_NO_COMMON_BLOCKS = YES;
				GCC_OPTIMIZATION_LEVEL = 0;
				GCC_PREPROCESSOR_DEFINITIONS = (
					"DEBUG=1",
					"$(inherited)",
				);
				GCC_WARN_64_TO_32_BIT_CONVERSION = YES;
				GCC_WARN_ABOUT_RETURN_TYPE = YES_ERROR;
				GCC_WARN_UNDECLARED_SELECTOR = YES;
				GCC_WARN_UNINITIALIZED_AUTOS = YES_AGGRESSIVE;
				GCC_WARN_UNUSED_FUNCTION = YES;
				GCC_WARN_UNUSED_VARIABLE = YES;
				IPHONEOS_DEPLOYMENT_TARGET = 10.0;
				MTL_ENABLE_DEBUG_INFO = YES;
				ONLY_ACTIVE_ARCH = YES;
				SDKROOT = iphoneos;
				SWIFT_ACTIVE_COMPILATION_CONDITIONS = DEBUG;
				SWIFT_OPTIMIZATION_LEVEL = "-Onone";
				TARGETED_DEVICE_FAMILY = "1,2";
			};
			name = Debug;
		};
		AE7584381D6989150005C1B1 /* Release */ = {
			isa = XCBuildConfiguration;
			buildSettings = {
				ALWAYS_SEARCH_USER_PATHS = NO;
				CLANG_ANALYZER_NONNULL = YES;
				CLANG_CXX_LANGUAGE_STANDARD = "gnu++0x";
				CLANG_CXX_LIBRARY = "libc++";
				CLANG_ENABLE_MODULES = YES;
				CLANG_ENABLE_OBJC_ARC = YES;
				CLANG_WARN_BOOL_CONVERSION = YES;
				CLANG_WARN_CONSTANT_CONVERSION = YES;
				CLANG_WARN_DIRECT_OBJC_ISA_USAGE = YES_ERROR;
				CLANG_WARN_DOCUMENTATION_COMMENTS = YES;
				CLANG_WARN_EMPTY_BODY = YES;
				CLANG_WARN_ENUM_CONVERSION = YES;
				CLANG_WARN_INFINITE_RECURSION = YES;
				CLANG_WARN_INT_CONVERSION = YES;
				CLANG_WARN_OBJC_ROOT_CLASS = YES_ERROR;
				CLANG_WARN_SUSPICIOUS_MOVES = YES;
				CLANG_WARN_UNREACHABLE_CODE = YES;
				CLANG_WARN__DUPLICATE_METHOD_MATCH = YES;
				"CODE_SIGN_IDENTITY[sdk=iphoneos*]" = "iPhone Developer";
				COPY_PHASE_STRIP = NO;
				DEBUG_INFORMATION_FORMAT = "dwarf-with-dsym";
				ENABLE_NS_ASSERTIONS = NO;
				ENABLE_STRICT_OBJC_MSGSEND = YES;
				GCC_C_LANGUAGE_STANDARD = gnu99;
				GCC_NO_COMMON_BLOCKS = YES;
				GCC_WARN_64_TO_32_BIT_CONVERSION = YES;
				GCC_WARN_ABOUT_RETURN_TYPE = YES_ERROR;
				GCC_WARN_UNDECLARED_SELECTOR = YES;
				GCC_WARN_UNINITIALIZED_AUTOS = YES_AGGRESSIVE;
				GCC_WARN_UNUSED_FUNCTION = YES;
				GCC_WARN_UNUSED_VARIABLE = YES;
				IPHONEOS_DEPLOYMENT_TARGET = 10.0;
				MTL_ENABLE_DEBUG_INFO = NO;
				SDKROOT = iphoneos;
				SWIFT_OPTIMIZATION_LEVEL = "-Owholemodule";
				TARGETED_DEVICE_FAMILY = "1,2";
				VALIDATE_PRODUCT = YES;
			};
			name = Release;
		};
		AE75843A1D6989150005C1B1 /* Debug */ = {
			isa = XCBuildConfiguration;
			buildSettings = {
				ASSETCATALOG_COMPILER_APPICON_NAME = AppIcon;
				DEVELOPMENT_TEAM = 4435P4Z797;
				INFOPLIST_FILE = "Graphic Calculator/Info.plist";
				LD_RUNPATH_SEARCH_PATHS = "$(inherited) @executable_path/Frameworks";
				PRODUCT_BUNDLE_IDENTIFIER = "com.fred.Graphic-Calculator";
				PRODUCT_NAME = "$(TARGET_NAME)";
				SWIFT_VERSION = 3.0;
			};
			name = Debug;
		};
		AE75843B1D6989150005C1B1 /* Release */ = {
			isa = XCBuildConfiguration;
			buildSettings = {
				ASSETCATALOG_COMPILER_APPICON_NAME = AppIcon;
				DEVELOPMENT_TEAM = 4435P4Z797;
				INFOPLIST_FILE = "Graphic Calculator/Info.plist";
				LD_RUNPATH_SEARCH_PATHS = "$(inherited) @executable_path/Frameworks";
				PRODUCT_BUNDLE_IDENTIFIER = "com.fred.Graphic-Calculator";
				PRODUCT_NAME = "$(TARGET_NAME)";
				SWIFT_VERSION = 3.0;
			};
			name = Release;
		};
/* End XCBuildConfiguration section */

/* Begin XCConfigurationList section */
		AE7584221D6989150005C1B1 /* Build configuration list for PBXProject "Graphic Calculator" */ = {
			isa = XCConfigurationList;
			buildConfigurations = (
				AE7584371D6989150005C1B1 /* Debug */,
				AE7584381D6989150005C1B1 /* Release */,
			);
			defaultConfigurationIsVisible = 0;
			defaultConfigurationName = Release;
		};
		AE7584391D6989150005C1B1 /* Build configuration list for PBXNativeTarget "Graphic Calculator" */ = {
			isa = XCConfigurationList;
			buildConfigurations = (
				AE75843A1D6989150005C1B1 /* Debug */,
				AE75843B1D6989150005C1B1 /* Release */,
			);
			defaultConfigurationIsVisible = 0;
		};
/* End XCConfigurationList section */
	};
	rootObject = AE75841F1D6989150005C1B1 /* Project object */;
}
